
Microsoft Visual Studio Solution File, Format Version 12.00
# Visual Studio 15
VisualStudioVersion = 15.0.27428.2037
MinimumVisualStudioVersion = 10.0.40219.1
Project("{8BC9CEB8-8B4A-11D0-8D11-00A0C91BC942}") = "CharacterSelectPlus", "CharacterSelectPlus\CharacterSelectPlus.vcxproj", "{D780E44E-E0A9-4C6C-8B25-23EA3005D9E5}"
EndProject
Global
	GlobalSection(SolutionConfigurationPlatforms) = preSolution
		Debug|x64 = Debug|x64
		Debug|x86 = Debug|x86
		Release|x64 = Release|x64
		Release|x86 = Release|x86
	EndGlobalSection
	GlobalSection(ProjectConfigurationPlatforms) = postSolution
		{D780E44E-E0A9-4C6C-8B25-23EA3005D9E5}.Debug|x64.ActiveCfg = Debug|x64
		{D780E44E-E0A9-4C6C-8B25-23EA3005D9E5}.Debug|x64.Build.0 = Debug|x64
		{D780E44E-E0A9-4C6C-8B25-23EA3005D9E5}.Debug|x86.ActiveCfg = Debug|Win32
		{D780E44E-E0A9-4C6C-8B25-23EA3005D9E5}.Debug|x86.Build.0 = Debug|Win32
		{D780E44E-E0A9-4C6C-8B25-23EA3005D9E5}.Release|x64.ActiveCfg = Release|x64
		{D780E44E-E0A9-4C6C-8B25-23EA3005D9E5}.Release|x64.Build.0 = Release|x64
		{D780E44E-E0A9-4C6C-8B25-23EA3005D9E5}.Release|x86.ActiveCfg = Release|Win32
		{D780E44E-E0A9-4C6C-8B25-23EA3005D9E5}.Release|x86.Build.0 = Release|Win32
	EndGlobalSection
	GlobalSection(SolutionProperties) = preSolution
		HideSolutionNode = FALSE
	EndGlobalSection
	GlobalSection(ExtensibilityGlobals) = postSolution
		SolutionGuid = {0FF8CC67-9B50-489F-8A44-1E487C8852B4}
	EndGlobalSection
EndGlobal
